
Microsoft Visual Studio Solution File, Format Version 12.00
# Visual Studio Version 17
VisualStudioVersion = 17.7.34221.43
MinimumVisualStudioVersion = 10.0.40219.1
Project("{FAE04EC0-301F-11D3-BF4B-00C04F79EFBC}") = "North Investments", "North Investments.csproj", "{FD818147-94A9-4E15-9B4A-B62998189AFA}"
EndProject
Global
	GlobalSection(SolutionConfigurationPlatforms) = preSolution
		Debug|Any CPU = Debug|Any CPU
		Release|Any CPU = Release|Any CPU
	EndGlobalSection
	GlobalSection(ProjectConfigurationPlatforms) = postSolution
		{FD818147-94A9-4E15-9B4A-B62998189AFA}.Debug|Any CPU.ActiveCfg = Debug|Any CPU
		{FD818147-94A9-4E15-9B4A-B62998189AFA}.Debug|Any CPU.Build.0 = Debug|Any CPU
		{FD818147-94A9-4E15-9B4A-B62998189AFA}.Release|Any CPU.ActiveCfg = Release|Any CPU
		{FD818147-94A9-4E15-9B4A-B62998189AFA}.Release|Any CPU.Build.0 = Release|Any CPU
	EndGlobalSection
	GlobalSection(SolutionProperties) = preSolution
		HideSolutionNode = FALSE
	EndGlobalSection
	GlobalSection(ExtensibilityGlobals) = postSolution
		SolutionGuid = {D3D279F7-9962-42CB-8063-96D770CBB9C2}
	EndGlobalSection
EndGlobal
